// !$*UTF8*$!
{
	archiveVersion = 1;
	classes = {
	};
	objectVersion = 50;
	objects = {

/* Begin PBXBuildFile section */
		098C9518244DD893005BD6E1 /* Lesson_3_1.m in Sources */ = {isa = PBXBuildFile; fileRef = 098C9517244DD893005BD6E1 /* Lesson_3_1.m */; };
		098C951A244DDADF005BD6E1 /* Lesson_3_2.m in Sources */ = {isa = PBXBuildFile; fileRef = 098C9519244DDADF005BD6E1 /* Lesson_3_2.m */; };
		098C951C244DDEDF005BD6E1 /* Lesson_3_3.m in Sources */ = {isa = PBXBuildFile; fileRef = 098C951B244DDEDF005BD6E1 /* Lesson_3_3.m */; };
		09C1362624406E1F00BDFE7B /* Lesson_1.m in Sources */ = {isa = PBXBuildFile; fileRef = 09C1362524406E1F00BDFE7B /* Lesson_1.m */; };
		09F7F1B32444634900C75937 /* Lesson_2_1.m in Sources */ = {isa = PBXBuildFile; fileRef = 09F7F1B22444634900C75937 /* Lesson_2_1.m */; };
		09F7F1B52444A89100C75937 /* Lesson_2_2.m in Sources */ = {isa = PBXBuildFile; fileRef = 09F7F1B42444A89100C75937 /* Lesson_2_2.m */; };
/* End PBXBuildFile section */

/* Begin PBXCopyFilesBuildPhase section */
		09C1362024406E1F00BDFE7B /* CopyFiles */ = {
			isa = PBXCopyFilesBuildPhase;
			buildActionMask = 2147483647;
			dstPath = /usr/share/man/man1/;
			dstSubfolderSpec = 0;
			files = (
			);
			runOnlyForDeploymentPostprocessing = 1;
		};
/* End PBXCopyFilesBuildPhase section */

/* Begin PBXFileReference section */
		098C9517244DD893005BD6E1 /* Lesson_3_1.m */ = {isa = PBXFileReference; lastKnownFileType = sourcecode.c.objc; path = Lesson_3_1.m; sourceTree = "<group>"; };
		098C9519244DDADF005BD6E1 /* Lesson_3_2.m */ = {isa = PBXFileReference; lastKnownFileType = sourcecode.c.objc; path = Lesson_3_2.m; sourceTree = "<group>"; };
		098C951B244DDEDF005BD6E1 /* Lesson_3_3.m */ = {isa = PBXFileReference; lastKnownFileType = sourcecode.c.objc; path = Lesson_3_3.m; sourceTree = "<group>"; };
		09C1362224406E1F00BDFE7B /* Lesson_1 */ = {isa = PBXFileReference; explicitFileType = "compiled.mach-o.executable"; includeInIndex = 0; path = Lesson_1; sourceTree = BUILT_PRODUCTS_DIR; };
		09C1362524406E1F00BDFE7B /* Lesson_1.m */ = {isa = PBXFileReference; lastKnownFileType = sourcecode.c.objc; path = Lesson_1.m; sourceTree = "<group>"; };
		09F7F1B22444634900C75937 /* Lesson_2_1.m */ = {isa = PBXFileReference; lastKnownFileType = sourcecode.c.objc; path = Lesson_2_1.m; sourceTree = "<group>"; };
		09F7F1B42444A89100C75937 /* Lesson_2_2.m */ = {isa = PBXFileReference; lastKnownFileType = sourcecode.c.objc; path = Lesson_2_2.m; sourceTree = "<group>"; };
/* End PBXFileReference section */

/* Begin PBXFrameworksBuildPhase section */
		09C1361F24406E1F00BDFE7B /* Frameworks */ = {
			isa = PBXFrameworksBuildPhase;
			buildActionMask = 2147483647;
			files = (
			);
			runOnlyForDeploymentPostprocessing = 0;
		};
/* End PBXFrameworksBuildPhase section */

/* Begin PBXGroup section */
		09C1361924406E1F00BDFE7B = {
			isa = PBXGroup;
			children = (
				09C1362424406E1F00BDFE7B /* Lesson_1 */,
				09C1362324406E1F00BDFE7B /* Products */,
			);
			sourceTree = "<group>";
		};
		09C1362324406E1F00BDFE7B /* Products */ = {
			isa = PBXGroup;
			children = (
				09C1362224406E1F00BDFE7B /* Lesson_1 */,
			);
			name = Products;
			sourceTree = "<group>";
		};
		09C1362424406E1F00BDFE7B /* Lesson_1 */ = {
			isa = PBXGroup;
			children = (
				09C1362524406E1F00BDFE7B /* Lesson_1.m */,
				09F7F1B22444634900C75937 /* Lesson_2_1.m */,
				09F7F1B42444A89100C75937 /* Lesson_2_2.m */,
				098C9517244DD893005BD6E1 /* Lesson_3_1.m */,
				098C9519244DDADF005BD6E1 /* Lesson_3_2.m */,
				098C951B244DDEDF005BD6E1 /* Lesson_3_3.m */,
			);
			path = Lesson_1;
			sourceTree = "<group>";
		};
/* End PBXGroup section */

/* Begin PBXNativeTarget section */
		09C1362124406E1F00BDFE7B /* Lesson_1 */ = {
			isa = PBXNativeTarget;
			buildConfigurationList = 09C1362924406E1F00BDFE7B /* Build configuration list for PBXNativeTarget "Lesson_1" */;
			buildPhases = (
				09C1361E24406E1F00BDFE7B /* Sources */,
				09C1361F24406E1F00BDFE7B /* Frameworks */,
				09C1362024406E1F00BDFE7B /* CopyFiles */,
			);
			buildRules = (
			);
			dependencies = (
			);
			name = Lesson_1;
			productName = Lesson_1;
			productReference = 09C1362224406E1F00BDFE7B /* Lesson_1 */;
			productType = "com.apple.product-type.tool";
		};
/* End PBXNativeTarget section */

/* Begin PBXProject section */
		09C1361A24406E1F00BDFE7B /* Project object */ = {
			isa = PBXProject;
			attributes = {
				LastUpgradeCheck = 1140;
				ORGANIZATIONNAME = "Илья";
				TargetAttributes = {
					09C1362124406E1F00BDFE7B = {
						CreatedOnToolsVersion = 11.4;
					};
				};
			};
			buildConfigurationList = 09C1361D24406E1F00BDFE7B /* Build configuration list for PBXProject "Lesson_1" */;
			compatibilityVersion = "Xcode 9.3";
			developmentRegion = en;
			hasScannedForEncodings = 0;
			knownRegions = (
				en,
				Base,
			);
			mainGroup = 09C1361924406E1F00BDFE7B;
			productRefGroup = 09C1362324406E1F00BDFE7B /* Products */;
			projectDirPath = "";
			projectRoot = "";
			targets = (
				09C1362124406E1F00BDFE7B /* Lesson_1 */,
			);
		};
/* End PBXProject section */

/* Begin PBXSourcesBuildPhase section */
		09C1361E24406E1F00BDFE7B /* Sources */ = {
			isa = PBXSourcesBuildPhase;
			buildActionMask = 2147483647;
			files = (
				09F7F1B52444A89100C75937 /* Lesson_2_2.m in Sources */,
				098C9518244DD893005BD6E1 /* Lesson_3_1.m in Sources */,
				09F7F1B32444634900C75937 /* Lesson_2_1.m in Sources */,
				098C951A244DDADF005BD6E1 /* Lesson_3_2.m in Sources */,
				09C1362624406E1F00BDFE7B /* Lesson_1.m in Sources */,
				098C951C244DDEDF005BD6E1 /* Lesson_3_3.m in Sources */,
			);
			runOnlyForDeploymentPostprocessing = 0;
		};
/* End PBXSourcesBuildPhase section */

/* Begin XCBuildConfiguration section */
		09C1362724406E1F00BDFE7B /* Debug */ = {
			isa = XCBuildConfiguration;
			buildSettings = {
				ALWAYS_SEARCH_USER_PATHS = NO;
				CLANG_ANALYZER_NONNULL = YES;
				CLANG_ANALYZER_NUMBER_OBJECT_CONVERSION = YES_AGGRESSIVE;
				CLANG_CXX_LANGUAGE_STANDARD = "gnu++14";
				CLANG_CXX_LIBRARY = "libc++";
				CLANG_ENABLE_MODULES = YES;
				CLANG_ENABLE_OBJC_ARC = YES;
				CLANG_ENABLE_OBJC_WEAK = YES;
				CLANG_WARN_BLOCK_CAPTURE_AUTORELEASING = YES;
				CLANG_WARN_BOOL_CONVERSION = YES;
				CLANG_WARN_COMMA = YES;
				CLANG_WARN_CONSTANT_CONVERSION = YES;
				CLANG_WARN_DEPRECATED_OBJC_IMPLEMENTATIONS = YES;
				CLANG_WARN_DIRECT_OBJC_ISA_USAGE = YES_ERROR;
				CLANG_WARN_DOCUMENTATION_COMMENTS = YES;
				CLANG_WARN_EMPTY_BODY = YES;
				CLANG_WARN_ENUM_CONVERSION = YES;
				CLANG_WARN_INFINITE_RECURSION = YES;
				CLANG_WARN_INT_CONVERSION = YES;
				CLANG_WARN_NON_LITERAL_NULL_CONVERSION = YES;
				CLANG_WARN_OBJC_IMPLICIT_RETAIN_SELF = YES;
				CLANG_WARN_OBJC_LITERAL_CONVERSION = YES;
				CLANG_WARN_OBJC_ROOT_CLASS = YES_ERROR;
				CLANG_WARN_RANGE_LOOP_ANALYSIS = YES;
				CLANG_WARN_STRICT_PROTOTYPES = YES;
				CLANG_WARN_SUSPICIOUS_MOVE = YES;
				CLANG_WARN_UNGUARDED_AVAILABILITY = YES_AGGRESSIVE;
				CLANG_WARN_UNREACHABLE_CODE = YES;
				CLANG_WARN__DUPLICATE_METHOD_MATCH = YES;
				COPY_PHASE_STRIP = NO;
				DEBUG_INFORMATION_FORMAT = dwarf;
				ENABLE_STRICT_OBJC_MSGSEND = YES;
				ENABLE_TESTABILITY = YES;
				GCC_C_LANGUAGE_STANDARD = gnu11;
				GCC_DYNAMIC_NO_PIC = NO;
				GCC_NO_COMMON_BLOCKS = YES;
				GCC_OPTIMIZATION_LEVEL = 0;
				GCC_PREPROCESSOR_DEFINITIONS = (
					"DEBUG=1",
					"$(inherited)",
				);
				GCC_WARN_64_TO_32_BIT_CONVERSION = YES;
				GCC_WARN_ABOUT_RETURN_TYPE = YES_ERROR;
				GCC_WARN_UNDECLARED_SELECTOR = YES;
				GCC_WARN_UNINITIALIZED_AUTOS = YES_AGGRESSIVE;
				GCC_WARN_UNUSED_FUNCTION = YES;
				GCC_WARN_UNUSED_VARIABLE = YES;
				MACOSX_DEPLOYMENT_TARGET = 10.15;
				MTL_ENABLE_DEBUG_INFO = INCLUDE_SOURCE;
				MTL_FAST_MATH = YES;
				ONLY_ACTIVE_ARCH = YES;
				SDKROOT = macosx;
			};
			name = Debug;
		};
		09C1362824406E1F00BDFE7B /* Release */ = {
			isa = XCBuildConfiguration;
			buildSettings = {
				ALWAYS_SEARCH_USER_PATHS = NO;
				CLANG_ANALYZER_NONNULL = YES;
				CLANG_ANALYZER_NUMBER_OBJECT_CONVERSION = YES_AGGRESSIVE;
				CLANG_CXX_LANGUAGE_STANDARD = "gnu++14";
				CLANG_CXX_LIBRARY = "libc++";
				CLANG_ENABLE_MODULES = YES;
				CLANG_ENABLE_OBJC_ARC = YES;
				CLANG_ENABLE_OBJC_WEAK = YES;
				CLANG_WARN_BLOCK_CAPTURE_AUTORELEASING = YES;
				CLANG_WARN_BOOL_CONVERSION = YES;
				CLANG_WARN_COMMA = YES;
				CLANG_WARN_CONSTANT_CONVERSION = YES;
				CLANG_WARN_DEPRECATED_OBJC_IMPLEMENTATIONS = YES;
				CLANG_WARN_DIRECT_OBJC_ISA_USAGE = YES_ERROR;
				CLANG_WARN_DOCUMENTATION_COMMENTS = YES;
				CLANG_WARN_EMPTY_BODY = YES;
				CLANG_WARN_ENUM_CONVERSION = YES;
				CLANG_WARN_INFINITE_RECURSION = YES;
				CLANG_WARN_INT_CONVERSION = YES;
				CLANG_WARN_NON_LITERAL_NULL_CONVERSION = YES;
				CLANG_WARN_OBJC_IMPLICIT_RETAIN_SELF = YES;
				CLANG_WARN_OBJC_LITERAL_CONVERSION = YES;
				CLANG_WARN_OBJC_ROOT_CLASS = YES_ERROR;
				CLANG_WARN_RANGE_LOOP_ANALYSIS = YES;
				CLANG_WARN_STRICT_PROTOTYPES = YES;
				CLANG_WARN_SUSPICIOUS_MOVE = YES;
				CLANG_WARN_UNGUARDED_AVAILABILITY = YES_AGGRESSIVE;
				CLANG_WARN_UNREACHABLE_CODE = YES;
				CLANG_WARN__DUPLICATE_METHOD_MATCH = YES;
				COPY_PHASE_STRIP = NO;
				DEBUG_INFORMATION_FORMAT = "dwarf-with-dsym";
				ENABLE_NS_ASSERTIONS = NO;
				ENABLE_STRICT_OBJC_MSGSEND = YES;
				GCC_C_LANGUAGE_STANDARD = gnu11;
				GCC_NO_COMMON_BLOCKS = YES;
				GCC_WARN_64_TO_32_BIT_CONVERSION = YES;
				GCC_WARN_ABOUT_RETURN_TYPE = YES_ERROR;
				GCC_WARN_UNDECLARED_SELECTOR = YES;
				GCC_WARN_UNINITIALIZED_AUTOS = YES_AGGRESSIVE;
				GCC_WARN_UNUSED_FUNCTION = YES;
				GCC_WARN_UNUSED_VARIABLE = YES;
				MACOSX_DEPLOYMENT_TARGET = 10.15;
				MTL_ENABLE_DEBUG_INFO = NO;
				MTL_FAST_MATH = YES;
				SDKROOT = macosx;
			};
			name = Release;
		};
		09C1362A24406E1F00BDFE7B /* Debug */ = {
			isa = XCBuildConfiguration;
			buildSettings = {
				CODE_SIGN_STYLE = Automatic;
				DEVELOPMENT_TEAM = 65BZYW8KTD;
				ENABLE_HARDENED_RUNTIME = YES;
				PRODUCT_NAME = "$(TARGET_NAME)";
			};
			name = Debug;
		};
		09C1362B24406E1F00BDFE7B /* Release */ = {
			isa = XCBuildConfiguration;
			buildSettings = {
				CODE_SIGN_STYLE = Automatic;
				DEVELOPMENT_TEAM = 65BZYW8KTD;
				ENABLE_HARDENED_RUNTIME = YES;
				PRODUCT_NAME = "$(TARGET_NAME)";
			};
			name = Release;
		};
/* End XCBuildConfiguration section */

/* Begin XCConfigurationList section */
		09C1361D24406E1F00BDFE7B /* Build configuration list for PBXProject "Lesson_1" */ = {
			isa = XCConfigurationList;
			buildConfigurations = (
				09C1362724406E1F00BDFE7B /* Debug */,
				09C1362824406E1F00BDFE7B /* Release */,
			);
			defaultConfigurationIsVisible = 0;
			defaultConfigurationName = Release;
		};
		09C1362924406E1F00BDFE7B /* Build configuration list for PBXNativeTarget "Lesson_1" */ = {
			isa = XCConfigurationList;
			buildConfigurations = (
				09C1362A24406E1F00BDFE7B /* Debug */,
				09C1362B24406E1F00BDFE7B /* Release */,
			);
			defaultConfigurationIsVisible = 0;
			defaultConfigurationName = Release;
		};
/* End XCConfigurationList section */
	};
	rootObject = 09C1361A24406E1F00BDFE7B /* Project object */;
}
